// !$*UTF8*$!
{
	archiveVersion = 1;
	classes = {
	};
	objectVersion = 46;
	objects = {

/* Begin PBXBuildFile section */
		83E922E51646AD7200EA067F /* UIKit.framework in Frameworks */ = {isa = PBXBuildFile; fileRef = 83E922E41646AD7200EA067F /* UIKit.framework */; };
		83E922E71646AD7200EA067F /* Foundation.framework in Frameworks */ = {isa = PBXBuildFile; fileRef = 83E922E61646AD7200EA067F /* Foundation.framework */; };
		83E922E91646AD7200EA067F /* CoreGraphics.framework in Frameworks */ = {isa = PBXBuildFile; fileRef = 83E922E81646AD7200EA067F /* CoreGraphics.framework */; };
		83E922EB1646AD7200EA067F /* CoreData.framework in Frameworks */ = {isa = PBXBuildFile; fileRef = 83E922EA1646AD7200EA067F /* CoreData.framework */; };
		83E922F11646AD7200EA067F /* InfoPlist.strings in Resources */ = {isa = PBXBuildFile; fileRef = 83E922EF1646AD7200EA067F /* InfoPlist.strings */; };
		83E922F31646AD7200EA067F /* main.m in Sources */ = {isa = PBXBuildFile; fileRef = 83E922F21646AD7200EA067F /* main.m */; };
		83E922F71646AD7200EA067F /* CEAppDelegate.m in Sources */ = {isa = PBXBuildFile; fileRef = 83E922F61646AD7200EA067F /* CEAppDelegate.m */; };
		83E922F91646AD7200EA067F /* Default.png in Resources */ = {isa = PBXBuildFile; fileRef = 83E922F81646AD7200EA067F /* Default.png */; };
		83E922FB1646AD7200EA067F /* Default@2x.png in Resources */ = {isa = PBXBuildFile; fileRef = 83E922FA1646AD7200EA067F /* Default@2x.png */; };
		83E922FD1646AD7200EA067F /* Default-568h@2x.png in Resources */ = {isa = PBXBuildFile; fileRef = 83E922FC1646AD7200EA067F /* Default-568h@2x.png */; };
		83E923001646AD7200EA067F /* CoreDataBackgroundTest.xcdatamodeld in Sources */ = {isa = PBXBuildFile; fileRef = 83E922FE1646AD7200EA067F /* CoreDataBackgroundTest.xcdatamodeld */; };
		83E923031646AD7200EA067F /* CEMasterViewController.m in Sources */ = {isa = PBXBuildFile; fileRef = 83E923021646AD7200EA067F /* CEMasterViewController.m */; };
		83E923061646AD7200EA067F /* CEDetailViewController.m in Sources */ = {isa = PBXBuildFile; fileRef = 83E923051646AD7200EA067F /* CEDetailViewController.m */; };
		83E923091646AD7200EA067F /* CEMasterViewController.xib in Resources */ = {isa = PBXBuildFile; fileRef = 83E923071646AD7200EA067F /* CEMasterViewController.xib */; };
		83E9230C1646AD7200EA067F /* CEDetailViewController.xib in Resources */ = {isa = PBXBuildFile; fileRef = 83E9230A1646AD7200EA067F /* CEDetailViewController.xib */; };
		83E923141646AD7300EA067F /* SenTestingKit.framework in Frameworks */ = {isa = PBXBuildFile; fileRef = 83E923131646AD7300EA067F /* SenTestingKit.framework */; };
		83E923151646AD7300EA067F /* UIKit.framework in Frameworks */ = {isa = PBXBuildFile; fileRef = 83E922E41646AD7200EA067F /* UIKit.framework */; };
		83E923161646AD7300EA067F /* Foundation.framework in Frameworks */ = {isa = PBXBuildFile; fileRef = 83E922E61646AD7200EA067F /* Foundation.framework */; };
		83E923171646AD7300EA067F /* CoreData.framework in Frameworks */ = {isa = PBXBuildFile; fileRef = 83E922EA1646AD7200EA067F /* CoreData.framework */; };
		83E9231F1646AD7300EA067F /* InfoPlist.strings in Resources */ = {isa = PBXBuildFile; fileRef = 83E9231D1646AD7300EA067F /* InfoPlist.strings */; };
		83E923221646AD7300EA067F /* CoreDataBackgroundTestTests.m in Sources */ = {isa = PBXBuildFile; fileRef = 83E923211646AD7300EA067F /* CoreDataBackgroundTestTests.m */; };
		83E9232D1646ADA300EA067F /* CEDatabaseAccess.m in Sources */ = {isa = PBXBuildFile; fileRef = 83E9232C1646ADA300EA067F /* CEDatabaseAccess.m */; };
		83E9236F1646B4B900EA067F /* CoreDataBackgroundTest.xcdatamodeld in Sources */ = {isa = PBXBuildFile; fileRef = 83E922FE1646AD7200EA067F /* CoreDataBackgroundTest.xcdatamodeld */; };
		83FAF9F6164842AF0049B1AA /* Item.m in Sources */ = {isa = PBXBuildFile; fileRef = 83FAF9F5164842AF0049B1AA /* Item.m */; };
		83FAF9FA164842AF0049B1AA /* Category.m in Sources */ = {isa = PBXBuildFile; fileRef = 83FAF9F9164842AF0049B1AA /* Category.m */; };
		83FAF9FD164842AF0049B1AA /* Event.m in Sources */ = {isa = PBXBuildFile; fileRef = 83FAF9FC164842AF0049B1AA /* Event.m */; };
		83FAFA1016485CB70049B1AA /* CECategoryUnreadCount.m in Sources */ = {isa = PBXBuildFile; fileRef = 83FAFA0F16485CB70049B1AA /* CECategoryUnreadCount.m */; };
		83FAFA1316485EC60049B1AA /* CEObserveNestedValue.m in Sources */ = {isa = PBXBuildFile; fileRef = 83FAFA1216485EC60049B1AA /* CEObserveNestedValue.m */; };
		97AB68CFACD64149A80DE1CD /* libPods-CoreDataBackgroundTestTests.a in Frameworks */ = {isa = PBXBuildFile; fileRef = E209DF54C2284DCE89FB7768 /* libPods-CoreDataBackgroundTestTests.a */; };
		F39C90A3516D4324A2E76684 /* libPods.a in Frameworks */ = {isa = PBXBuildFile; fileRef = 847CCEB32CAB465EBB162E1E /* libPods.a */; };
/* End PBXBuildFile section */

/* Begin PBXContainerItemProxy section */
		83E923181646AD7300EA067F /* PBXContainerItemProxy */ = {
			isa = PBXContainerItemProxy;
			containerPortal = 83E922D71646AD7200EA067F /* Project object */;
			proxyType = 1;
			remoteGlobalIDString = 83E922DF1646AD7200EA067F;
			remoteInfo = CoreDataBackgroundTest;
		};
/* End PBXContainerItemProxy section */

/* Begin PBXFileReference section */
		079D58E01FBE42DAB0AFED62 /* Pods.xcconfig */ = {isa = PBXFileReference; includeInIndex = 1; lastKnownFileType = text.xcconfig; name = Pods.xcconfig; path = Pods/Pods.xcconfig; sourceTree = SOURCE_ROOT; };
		6CF63BD41C51449C8D14A26B /* Pods-CoreDataBackgroundTestTests.xcconfig */ = {isa = PBXFileReference; includeInIndex = 1; lastKnownFileType = text.xcconfig; name = "Pods-CoreDataBackgroundTestTests.xcconfig"; path = "Pods/Pods-CoreDataBackgroundTestTests.xcconfig"; sourceTree = SOURCE_ROOT; };
		83E922E01646AD7200EA067F /* CoreDataBackgroundTest.app */ = {isa = PBXFileReference; explicitFileType = wrapper.application; includeInIndex = 0; path = CoreDataBackgroundTest.app; sourceTree = BUILT_PRODUCTS_DIR; };
		83E922E41646AD7200EA067F /* UIKit.framework */ = {isa = PBXFileReference; includeInIndex = 1; lastKnownFileType = wrapper.framework; name = UIKit.framework; path = System/Library/Frameworks/UIKit.framework; sourceTree = SDKROOT; };
		83E922E61646AD7200EA067F /* Foundation.framework */ = {isa = PBXFileReference; includeInIndex = 1; lastKnownFileType = wrapper.framework; name = Foundation.framework; path = System/Library/Frameworks/Foundation.framework; sourceTree = SDKROOT; };
		83E922E81646AD7200EA067F /* CoreGraphics.framework */ = {isa = PBXFileReference; includeInIndex = 1; lastKnownFileType = wrapper.framework; name = CoreGraphics.framework; path = System/Library/Frameworks/CoreGraphics.framework; sourceTree = SDKROOT; };
		83E922EA1646AD7200EA067F /* CoreData.framework */ = {isa = PBXFileReference; includeInIndex = 1; lastKnownFileType = wrapper.framework; name = CoreData.framework; path = System/Library/Frameworks/CoreData.framework; sourceTree = SDKROOT; };
		83E922EE1646AD7200EA067F /* CoreDataBackgroundTest-Info.plist */ = {isa = PBXFileReference; lastKnownFileType = text.plist.xml; path = "CoreDataBackgroundTest-Info.plist"; sourceTree = "<group>"; };
		83E922F01646AD7200EA067F /* en */ = {isa = PBXFileReference; lastKnownFileType = text.plist.strings; name = en; path = en.lproj/InfoPlist.strings; sourceTree = "<group>"; };
		83E922F21646AD7200EA067F /* main.m */ = {isa = PBXFileReference; lastKnownFileType = sourcecode.c.objc; path = main.m; sourceTree = "<group>"; };
		83E922F41646AD7200EA067F /* CoreDataBackgroundTest-Prefix.pch */ = {isa = PBXFileReference; lastKnownFileType = sourcecode.c.h; path = "CoreDataBackgroundTest-Prefix.pch"; sourceTree = "<group>"; };
		83E922F51646AD7200EA067F /* CEAppDelegate.h */ = {isa = PBXFileReference; lastKnownFileType = sourcecode.c.h; path = CEAppDelegate.h; sourceTree = "<group>"; };
		83E922F61646AD7200EA067F /* CEAppDelegate.m */ = {isa = PBXFileReference; lastKnownFileType = sourcecode.c.objc; path = CEAppDelegate.m; sourceTree = "<group>"; };
		83E922F81646AD7200EA067F /* Default.png */ = {isa = PBXFileReference; lastKnownFileType = image.png; path = Default.png; sourceTree = "<group>"; };
		83E922FA1646AD7200EA067F /* Default@2x.png */ = {isa = PBXFileReference; lastKnownFileType = image.png; path = "Default@2x.png"; sourceTree = "<group>"; };
		83E922FC1646AD7200EA067F /* Default-568h@2x.png */ = {isa = PBXFileReference; lastKnownFileType = image.png; path = "Default-568h@2x.png"; sourceTree = "<group>"; };
		83E922FF1646AD7200EA067F /* CoreDataBackgroundTest.xcdatamodel */ = {isa = PBXFileReference; lastKnownFileType = wrapper.xcdatamodel; path = CoreDataBackgroundTest.xcdatamodel; sourceTree = "<group>"; };
		83E923011646AD7200EA067F /* CEMasterViewController.h */ = {isa = PBXFileReference; lastKnownFileType = sourcecode.c.h; path = CEMasterViewController.h; sourceTree = "<group>"; };
		83E923021646AD7200EA067F /* CEMasterViewController.m */ = {isa = PBXFileReference; lastKnownFileType = sourcecode.c.objc; path = CEMasterViewController.m; sourceTree = "<group>"; };
		83E923041646AD7200EA067F /* CEDetailViewController.h */ = {isa = PBXFileReference; lastKnownFileType = sourcecode.c.h; path = CEDetailViewController.h; sourceTree = "<group>"; };
		83E923051646AD7200EA067F /* CEDetailViewController.m */ = {isa = PBXFileReference; lastKnownFileType = sourcecode.c.objc; path = CEDetailViewController.m; sourceTree = "<group>"; };
		83E923081646AD7200EA067F /* en */ = {isa = PBXFileReference; lastKnownFileType = file.xib; name = en; path = en.lproj/CEMasterViewController.xib; sourceTree = "<group>"; };
		83E9230B1646AD7200EA067F /* en */ = {isa = PBXFileReference; lastKnownFileType = file.xib; name = en; path = en.lproj/CEDetailViewController.xib; sourceTree = "<group>"; };
		83E923121646AD7300EA067F /* CoreDataBackgroundTestTests.octest */ = {isa = PBXFileReference; explicitFileType = wrapper.cfbundle; includeInIndex = 0; path = CoreDataBackgroundTestTests.octest; sourceTree = BUILT_PRODUCTS_DIR; };
		83E923131646AD7300EA067F /* SenTestingKit.framework */ = {isa = PBXFileReference; includeInIndex = 1; lastKnownFileType = wrapper.framework; name = SenTestingKit.framework; path = Library/Frameworks/SenTestingKit.framework; sourceTree = DEVELOPER_DIR; };
		83E9231C1646AD7300EA067F /* CoreDataBackgroundTestTests-Info.plist */ = {isa = PBXFileReference; lastKnownFileType = text.plist.xml; path = "CoreDataBackgroundTestTests-Info.plist"; sourceTree = "<group>"; };
		83E9231E1646AD7300EA067F /* en */ = {isa = PBXFileReference; lastKnownFileType = text.plist.strings; name = en; path = en.lproj/InfoPlist.strings; sourceTree = "<group>"; };
		83E923201646AD7300EA067F /* CoreDataBackgroundTestTests.h */ = {isa = PBXFileReference; lastKnownFileType = sourcecode.c.h; path = CoreDataBackgroundTestTests.h; sourceTree = "<group>"; };
		83E923211646AD7300EA067F /* CoreDataBackgroundTestTests.m */ = {isa = PBXFileReference; lastKnownFileType = sourcecode.c.objc; path = CoreDataBackgroundTestTests.m; sourceTree = "<group>"; };
		83E9232B1646ADA300EA067F /* CEDatabaseAccess.h */ = {isa = PBXFileReference; fileEncoding = 4; lastKnownFileType = sourcecode.c.h; path = CEDatabaseAccess.h; sourceTree = "<group>"; };
		83E9232C1646ADA300EA067F /* CEDatabaseAccess.m */ = {isa = PBXFileReference; fileEncoding = 4; lastKnownFileType = sourcecode.c.objc; path = CEDatabaseAccess.m; sourceTree = "<group>"; };
		83FAF9F4164842AF0049B1AA /* Item.h */ = {isa = PBXFileReference; fileEncoding = 4; lastKnownFileType = sourcecode.c.h; path = Item.h; sourceTree = "<group>"; };
		83FAF9F5164842AF0049B1AA /* Item.m */ = {isa = PBXFileReference; fileEncoding = 4; lastKnownFileType = sourcecode.c.objc; path = Item.m; sourceTree = "<group>"; };
		83FAF9F8164842AF0049B1AA /* Category.h */ = {isa = PBXFileReference; fileEncoding = 4; lastKnownFileType = sourcecode.c.h; path = Category.h; sourceTree = "<group>"; };
		83FAF9F9164842AF0049B1AA /* Category.m */ = {isa = PBXFileReference; fileEncoding = 4; lastKnownFileType = sourcecode.c.objc; path = Category.m; sourceTree = "<group>"; };
		83FAF9FB164842AF0049B1AA /* Event.h */ = {isa = PBXFileReference; fileEncoding = 4; lastKnownFileType = sourcecode.c.h; path = Event.h; sourceTree = "<group>"; };
		83FAF9FC164842AF0049B1AA /* Event.m */ = {isa = PBXFileReference; fileEncoding = 4; lastKnownFileType = sourcecode.c.objc; path = Event.m; sourceTree = "<group>"; };
		83FAFA0E16485CB70049B1AA /* CECategoryUnreadCount.h */ = {isa = PBXFileReference; fileEncoding = 4; lastKnownFileType = sourcecode.c.h; path = CECategoryUnreadCount.h; sourceTree = "<group>"; };
		83FAFA0F16485CB70049B1AA /* CECategoryUnreadCount.m */ = {isa = PBXFileReference; fileEncoding = 4; lastKnownFileType = sourcecode.c.objc; path = CECategoryUnreadCount.m; sourceTree = "<group>"; };
		83FAFA1116485EC60049B1AA /* CEObserveNestedValue.h */ = {isa = PBXFileReference; fileEncoding = 4; lastKnownFileType = sourcecode.c.h; path = CEObserveNestedValue.h; sourceTree = "<group>"; };
		83FAFA1216485EC60049B1AA /* CEObserveNestedValue.m */ = {isa = PBXFileReference; fileEncoding = 4; lastKnownFileType = sourcecode.c.objc; path = CEObserveNestedValue.m; sourceTree = "<group>"; };
		847CCEB32CAB465EBB162E1E /* libPods.a */ = {isa = PBXFileReference; explicitFileType = archive.ar; includeInIndex = 0; path = libPods.a; sourceTree = BUILT_PRODUCTS_DIR; };
		E209DF54C2284DCE89FB7768 /* libPods-CoreDataBackgroundTestTests.a */ = {isa = PBXFileReference; explicitFileType = archive.ar; includeInIndex = 0; path = "libPods-CoreDataBackgroundTestTests.a"; sourceTree = BUILT_PRODUCTS_DIR; };
/* End PBXFileReference section */

/* Begin PBXFrameworksBuildPhase section */
		83E922DD1646AD7200EA067F /* Frameworks */ = {
			isa = PBXFrameworksBuildPhase;
			buildActionMask = 2147483647;
			files = (
				83E922E51646AD7200EA067F /* UIKit.framework in Frameworks */,
				83E922E71646AD7200EA067F /* Foundation.framework in Frameworks */,
				83E922E91646AD7200EA067F /* CoreGraphics.framework in Frameworks */,
				83E922EB1646AD7200EA067F /* CoreData.framework in Frameworks */,
				F39C90A3516D4324A2E76684 /* libPods.a in Frameworks */,
			);
			runOnlyForDeploymentPostprocessing = 0;
		};
		83E9230E1646AD7300EA067F /* Frameworks */ = {
			isa = PBXFrameworksBuildPhase;
			buildActionMask = 2147483647;
			files = (
				83E923141646AD7300EA067F /* SenTestingKit.framework in Frameworks */,
				83E923151646AD7300EA067F /* UIKit.framework in Frameworks */,
				83E923161646AD7300EA067F /* Foundation.framework in Frameworks */,
				83E923171646AD7300EA067F /* CoreData.framework in Frameworks */,
				97AB68CFACD64149A80DE1CD /* libPods-CoreDataBackgroundTestTests.a in Frameworks */,
			);
			runOnlyForDeploymentPostprocessing = 0;
		};
/* End PBXFrameworksBuildPhase section */

/* Begin PBXGroup section */
		83E922D51646AD7200EA067F = {
			isa = PBXGroup;
			children = (
				83E922EC1646AD7200EA067F /* CoreDataBackgroundTest */,
				83E9231A1646AD7300EA067F /* CoreDataBackgroundTestTests */,
				83E922E31646AD7200EA067F /* Frameworks */,
				83E922E11646AD7200EA067F /* Products */,
				079D58E01FBE42DAB0AFED62 /* Pods.xcconfig */,
				6CF63BD41C51449C8D14A26B /* Pods-CoreDataBackgroundTestTests.xcconfig */,
			);
			sourceTree = "<group>";
		};
		83E922E11646AD7200EA067F /* Products */ = {
			isa = PBXGroup;
			children = (
				83E922E01646AD7200EA067F /* CoreDataBackgroundTest.app */,
				83E923121646AD7300EA067F /* CoreDataBackgroundTestTests.octest */,
			);
			name = Products;
			sourceTree = "<group>";
		};
		83E922E31646AD7200EA067F /* Frameworks */ = {
			isa = PBXGroup;
			children = (
				83E922E41646AD7200EA067F /* UIKit.framework */,
				83E922E61646AD7200EA067F /* Foundation.framework */,
				83E922E81646AD7200EA067F /* CoreGraphics.framework */,
				83E922EA1646AD7200EA067F /* CoreData.framework */,
				83E923131646AD7300EA067F /* SenTestingKit.framework */,
				847CCEB32CAB465EBB162E1E /* libPods.a */,
				E209DF54C2284DCE89FB7768 /* libPods-CoreDataBackgroundTestTests.a */,
			);
			name = Frameworks;
			sourceTree = "<group>";
		};
		83E922EC1646AD7200EA067F /* CoreDataBackgroundTest */ = {
			isa = PBXGroup;
			children = (
				83FAF9FE164842B30049B1AA /* Model Objects */,
				83E922F51646AD7200EA067F /* CEAppDelegate.h */,
				83E922F61646AD7200EA067F /* CEAppDelegate.m */,
				83E9232B1646ADA300EA067F /* CEDatabaseAccess.h */,
				83E9232C1646ADA300EA067F /* CEDatabaseAccess.m */,
				83E923011646AD7200EA067F /* CEMasterViewController.h */,
				83E923021646AD7200EA067F /* CEMasterViewController.m */,
				83E923041646AD7200EA067F /* CEDetailViewController.h */,
				83E923051646AD7200EA067F /* CEDetailViewController.m */,
				83E923071646AD7200EA067F /* CEMasterViewController.xib */,
				83E9230A1646AD7200EA067F /* CEDetailViewController.xib */,
				83E922FE1646AD7200EA067F /* CoreDataBackgroundTest.xcdatamodeld */,
				83E922ED1646AD7200EA067F /* Supporting Files */,
			);
			path = CoreDataBackgroundTest;
			sourceTree = "<group>";
		};
		83E922ED1646AD7200EA067F /* Supporting Files */ = {
			isa = PBXGroup;
			children = (
				83E922EE1646AD7200EA067F /* CoreDataBackgroundTest-Info.plist */,
				83E922EF1646AD7200EA067F /* InfoPlist.strings */,
				83E922F21646AD7200EA067F /* main.m */,
				83E922F41646AD7200EA067F /* CoreDataBackgroundTest-Prefix.pch */,
				83E922F81646AD7200EA067F /* Default.png */,
				83E922FA1646AD7200EA067F /* Default@2x.png */,
				83E922FC1646AD7200EA067F /* Default-568h@2x.png */,
			);
			name = "Supporting Files";
			sourceTree = "<group>";
		};
		83E9231A1646AD7300EA067F /* CoreDataBackgroundTestTests */ = {
			isa = PBXGroup;
			children = (
				83E923201646AD7300EA067F /* CoreDataBackgroundTestTests.h */,
				83E923211646AD7300EA067F /* CoreDataBackgroundTestTests.m */,
				83E9231B1646AD7300EA067F /* Supporting Files */,
			);
			path = CoreDataBackgroundTestTests;
			sourceTree = "<group>";
		};
		83E9231B1646AD7300EA067F /* Supporting Files */ = {
			isa = PBXGroup;
			children = (
				83E9231C1646AD7300EA067F /* CoreDataBackgroundTestTests-Info.plist */,
				83E9231D1646AD7300EA067F /* InfoPlist.strings */,
			);
			name = "Supporting Files";
			sourceTree = "<group>";
		};
		83FAF9FE164842B30049B1AA /* Model Objects */ = {
			isa = PBXGroup;
			children = (
				83FAF9FB164842AF0049B1AA /* Event.h */,
				83FAF9FC164842AF0049B1AA /* Event.m */,
				83FAF9F8164842AF0049B1AA /* Category.h */,
				83FAF9F9164842AF0049B1AA /* Category.m */,
				83FAF9F4164842AF0049B1AA /* Item.h */,
				83FAF9F5164842AF0049B1AA /* Item.m */,
				83FAFA0E16485CB70049B1AA /* CECategoryUnreadCount.h */,
				83FAFA0F16485CB70049B1AA /* CECategoryUnreadCount.m */,
				83FAFA1116485EC60049B1AA /* CEObserveNestedValue.h */,
				83FAFA1216485EC60049B1AA /* CEObserveNestedValue.m */,
			);
			name = "Model Objects";
			sourceTree = "<group>";
		};
/* End PBXGroup section */

/* Begin PBXNativeTarget section */
		83E922DF1646AD7200EA067F /* CoreDataBackgroundTest */ = {
			isa = PBXNativeTarget;
			buildConfigurationList = 83E923251646AD7300EA067F /* Build configuration list for PBXNativeTarget "CoreDataBackgroundTest" */;
			buildPhases = (
				83E922DC1646AD7200EA067F /* Sources */,
				83E922DD1646AD7200EA067F /* Frameworks */,
				83E922DE1646AD7200EA067F /* Resources */,
				98763D1AE11A4328BD987059 /* Copy Pods Resources */,
			);
			buildRules = (
			);
			dependencies = (
			);
			name = CoreDataBackgroundTest;
			productName = CoreDataBackgroundTest;
			productReference = 83E922E01646AD7200EA067F /* CoreDataBackgroundTest.app */;
			productType = "com.apple.product-type.application";
		};
		83E923111646AD7300EA067F /* CoreDataBackgroundTestTests */ = {
			isa = PBXNativeTarget;
			buildConfigurationList = 83E923281646AD7300EA067F /* Build configuration list for PBXNativeTarget "CoreDataBackgroundTestTests" */;
			buildPhases = (
				83E9230D1646AD7300EA067F /* Sources */,
				83E9230E1646AD7300EA067F /* Frameworks */,
				83E9230F1646AD7300EA067F /* Resources */,
				83E923101646AD7300EA067F /* ShellScript */,
				F9177AE29DAC4D35A3A93924 /* Copy Pods Resources */,
			);
			buildRules = (
			);
			dependencies = (
				83E923191646AD7300EA067F /* PBXTargetDependency */,
			);
			name = CoreDataBackgroundTestTests;
			productName = CoreDataBackgroundTestTests;
			productReference = 83E923121646AD7300EA067F /* CoreDataBackgroundTestTests.octest */;
			productType = "com.apple.product-type.bundle";
		};
/* End PBXNativeTarget section */

/* Begin PBXProject section */
		83E922D71646AD7200EA067F /* Project object */ = {
			isa = PBXProject;
			attributes = {
				CLASSPREFIX = CE;
				LastUpgradeCheck = 0450;
				ORGANIZATIONNAME = "Chris Eidhof";
			};
			buildConfigurationList = 83E922DA1646AD7200EA067F /* Build configuration list for PBXProject "CoreDataBackgroundTest" */;
			compatibilityVersion = "Xcode 3.2";
			developmentRegion = English;
			hasScannedForEncodings = 0;
			knownRegions = (
				en,
			);
			mainGroup = 83E922D51646AD7200EA067F;
			productRefGroup = 83E922E11646AD7200EA067F /* Products */;
			projectDirPath = "";
			projectRoot = "";
			targets = (
				83E922DF1646AD7200EA067F /* CoreDataBackgroundTest */,
				83E923111646AD7300EA067F /* CoreDataBackgroundTestTests */,
			);
		};
/* End PBXProject section */

/* Begin PBXResourcesBuildPhase section */
		83E922DE1646AD7200EA067F /* Resources */ = {
			isa = PBXResourcesBuildPhase;
			buildActionMask = 2147483647;
			files = (
				83E922F11646AD7200EA067F /* InfoPlist.strings in Resources */,
				83E922F91646AD7200EA067F /* Default.png in Resources */,
				83E922FB1646AD7200EA067F /* Default@2x.png in Resources */,
				83E922FD1646AD7200EA067F /* Default-568h@2x.png in Resources */,
				83E923091646AD7200EA067F /* CEMasterViewController.xib in Resources */,
				83E9230C1646AD7200EA067F /* CEDetailViewController.xib in Resources */,
			);
			runOnlyForDeploymentPostprocessing = 0;
		};
		83E9230F1646AD7300EA067F /* Resources */ = {
			isa = PBXResourcesBuildPhase;
			buildActionMask = 2147483647;
			files = (
				83E9231F1646AD7300EA067F /* InfoPlist.strings in Resources */,
			);
			runOnlyForDeploymentPostprocessing = 0;
		};
/* End PBXResourcesBuildPhase section */

/* Begin PBXShellScriptBuildPhase section */
		83E923101646AD7300EA067F /* ShellScript */ = {
			isa = PBXShellScriptBuildPhase;
			buildActionMask = 2147483647;
			files = (
			);
			inputPaths = (
			);
			outputPaths = (
			);
			runOnlyForDeploymentPostprocessing = 0;
			shellPath = /bin/sh;
			shellScript = "# Run the unit tests in this test bundle.\n\"${SYSTEM_DEVELOPER_DIR}/Tools/RunUnitTests\"\n";
		};
		98763D1AE11A4328BD987059 /* Copy Pods Resources */ = {
			isa = PBXShellScriptBuildPhase;
			buildActionMask = 2147483647;
			files = (
			);
			inputPaths = (
			);
			name = "Copy Pods Resources";
			outputPaths = (
			);
			runOnlyForDeploymentPostprocessing = 0;
			shellPath = /bin/sh;
			shellScript = "\"${SRCROOT}/Pods/Pods-resources.sh\"\n";
		};
		F9177AE29DAC4D35A3A93924 /* Copy Pods Resources */ = {
			isa = PBXShellScriptBuildPhase;
			buildActionMask = 2147483647;
			files = (
			);
			inputPaths = (
			);
			name = "Copy Pods Resources";
			outputPaths = (
			);
			runOnlyForDeploymentPostprocessing = 0;
			shellPath = /bin/sh;
			shellScript = "\"${SRCROOT}/Pods/Pods-CoreDataBackgroundTestTests-resources.sh\"\n";
		};
/* End PBXShellScriptBuildPhase section */

/* Begin PBXSourcesBuildPhase section */
		83E922DC1646AD7200EA067F /* Sources */ = {
			isa = PBXSourcesBuildPhase;
			buildActionMask = 2147483647;
			files = (
				83E922F31646AD7200EA067F /* main.m in Sources */,
				83E922F71646AD7200EA067F /* CEAppDelegate.m in Sources */,
				83E923001646AD7200EA067F /* CoreDataBackgroundTest.xcdatamodeld in Sources */,
				83E923031646AD7200EA067F /* CEMasterViewController.m in Sources */,
				83E923061646AD7200EA067F /* CEDetailViewController.m in Sources */,
				83E9232D1646ADA300EA067F /* CEDatabaseAccess.m in Sources */,
				83FAF9F6164842AF0049B1AA /* Item.m in Sources */,
				83FAF9FA164842AF0049B1AA /* Category.m in Sources */,
				83FAF9FD164842AF0049B1AA /* Event.m in Sources */,
				83FAFA1016485CB70049B1AA /* CECategoryUnreadCount.m in Sources */,
				83FAFA1316485EC60049B1AA /* CEObserveNestedValue.m in Sources */,
			);
			runOnlyForDeploymentPostprocessing = 0;
		};
		83E9230D1646AD7300EA067F /* Sources */ = {
			isa = PBXSourcesBuildPhase;
			buildActionMask = 2147483647;
			files = (
				83E923221646AD7300EA067F /* CoreDataBackgroundTestTests.m in Sources */,
				83E9236F1646B4B900EA067F /* CoreDataBackgroundTest.xcdatamodeld in Sources */,
			);
			runOnlyForDeploymentPostprocessing = 0;
		};
/* End PBXSourcesBuildPhase section */

/* Begin PBXTargetDependency section */
		83E923191646AD7300EA067F /* PBXTargetDependency */ = {
			isa = PBXTargetDependency;
			target = 83E922DF1646AD7200EA067F /* CoreDataBackgroundTest */;
			targetProxy = 83E923181646AD7300EA067F /* PBXContainerItemProxy */;
		};
/* End PBXTargetDependency section */

/* Begin PBXVariantGroup section */
		83E922EF1646AD7200EA067F /* InfoPlist.strings */ = {
			isa = PBXVariantGroup;
			children = (
				83E922F01646AD7200EA067F /* en */,
			);
			name = InfoPlist.strings;
			sourceTree = "<group>";
		};
		83E923071646AD7200EA067F /* CEMasterViewController.xib */ = {
			isa = PBXVariantGroup;
			children = (
				83E923081646AD7200EA067F /* en */,
			);
			name = CEMasterViewController.xib;
			sourceTree = "<group>";
		};
		83E9230A1646AD7200EA067F /* CEDetailViewController.xib */ = {
			isa = PBXVariantGroup;
			children = (
				83E9230B1646AD7200EA067F /* en */,
			);
			name = CEDetailViewController.xib;
			sourceTree = "<group>";
		};
		83E9231D1646AD7300EA067F /* InfoPlist.strings */ = {
			isa = PBXVariantGroup;
			children = (
				83E9231E1646AD7300EA067F /* en */,
			);
			name = InfoPlist.strings;
			sourceTree = "<group>";
		};
/* End PBXVariantGroup section */

/* Begin XCBuildConfiguration section */
		83E923231646AD7300EA067F /* Debug */ = {
			isa = XCBuildConfiguration;
			buildSettings = {
				ALWAYS_SEARCH_USER_PATHS = NO;
				CLANG_CXX_LANGUAGE_STANDARD = "gnu++0x";
				CLANG_CXX_LIBRARY = "libc++";
				CLANG_ENABLE_OBJC_ARC = YES;
				CLANG_WARN_EMPTY_BODY = YES;
				CLANG_WARN__DUPLICATE_METHOD_MATCH = YES;
				"CODE_SIGN_IDENTITY[sdk=iphoneos*]" = "iPhone Developer";
				COPY_PHASE_STRIP = NO;
				GCC_C_LANGUAGE_STANDARD = gnu99;
				GCC_DYNAMIC_NO_PIC = NO;
				GCC_OPTIMIZATION_LEVEL = 0;
				GCC_PREPROCESSOR_DEFINITIONS = (
					"DEBUG=1",
					"$(inherited)",
				);
				GCC_SYMBOLS_PRIVATE_EXTERN = NO;
				GCC_WARN_ABOUT_RETURN_TYPE = YES;
				GCC_WARN_UNINITIALIZED_AUTOS = YES;
				GCC_WARN_UNUSED_VARIABLE = YES;
				IPHONEOS_DEPLOYMENT_TARGET = 6.0;
				ONLY_ACTIVE_ARCH = YES;
				SDKROOT = iphoneos;
			};
			name = Debug;
		};
		83E923241646AD7300EA067F /* Release */ = {
			isa = XCBuildConfiguration;
			buildSettings = {
				ALWAYS_SEARCH_USER_PATHS = NO;
				CLANG_CXX_LANGUAGE_STANDARD = "gnu++0x";
				CLANG_CXX_LIBRARY = "libc++";
				CLANG_ENABLE_OBJC_ARC = YES;
				CLANG_WARN_EMPTY_BODY = YES;
				CLANG_WARN__DUPLICATE_METHOD_MATCH = YES;
				"CODE_SIGN_IDENTITY[sdk=iphoneos*]" = "iPhone Developer";
				COPY_PHASE_STRIP = YES;
				GCC_C_LANGUAGE_STANDARD = gnu99;
				GCC_WARN_ABOUT_RETURN_TYPE = YES;
				GCC_WARN_UNINITIALIZED_AUTOS = YES;
				GCC_WARN_UNUSED_VARIABLE = YES;
				IPHONEOS_DEPLOYMENT_TARGET = 6.0;
				OTHER_CFLAGS = "-DNS_BLOCK_ASSERTIONS=1";
				SDKROOT = iphoneos;
				VALIDATE_PRODUCT = YES;
			};
			name = Release;
		};
		83E923261646AD7300EA067F /* Debug */ = {
			isa = XCBuildConfiguration;
			baseConfigurationReference = 079D58E01FBE42DAB0AFED62 /* Pods.xcconfig */;
			buildSettings = {
				GCC_PRECOMPILE_PREFIX_HEADER = YES;
				GCC_PREFIX_HEADER = "CoreDataBackgroundTest/CoreDataBackgroundTest-Prefix.pch";
				INFOPLIST_FILE = "CoreDataBackgroundTest/CoreDataBackgroundTest-Info.plist";
				LIBRARY_SEARCH_PATHS = (
					"$(inherited)",
					"$(FRANK_LIBRARY_SEARCH_PATHS)",
				);
				OTHER_LDFLAGS = (
					"$(inherited)",
					"$(FRANK_LDFLAGS)",
				);
				PRODUCT_NAME = "$(TARGET_NAME)";
				WRAPPER_EXTENSION = app;
			};
			name = Debug;
		};
		83E923271646AD7300EA067F /* Release */ = {
			isa = XCBuildConfiguration;
			baseConfigurationReference = 079D58E01FBE42DAB0AFED62 /* Pods.xcconfig */;
			buildSettings = {
				GCC_PRECOMPILE_PREFIX_HEADER = YES;
				GCC_PREFIX_HEADER = "CoreDataBackgroundTest/CoreDataBackgroundTest-Prefix.pch";
				INFOPLIST_FILE = "CoreDataBackgroundTest/CoreDataBackgroundTest-Info.plist";
				PRODUCT_NAME = "$(TARGET_NAME)";
				WRAPPER_EXTENSION = app;
			};
			name = Release;
		};
		83E923291646AD7300EA067F /* Debug */ = {
			isa = XCBuildConfiguration;
			baseConfigurationReference = 6CF63BD41C51449C8D14A26B /* Pods-CoreDataBackgroundTestTests.xcconfig */;
			buildSettings = {
				BUNDLE_LOADER = "$(BUILT_PRODUCTS_DIR)/CoreDataBackgroundTest.app/CoreDataBackgroundTest";
				FRAMEWORK_SEARCH_PATHS = (
					"\"$(SDKROOT)/Developer/Library/Frameworks\"",
					"\"$(DEVELOPER_LIBRARY_DIR)/Frameworks\"",
				);
				GCC_PRECOMPILE_PREFIX_HEADER = YES;
				GCC_PREFIX_HEADER = "CoreDataBackgroundTest/CoreDataBackgroundTest-Prefix.pch";
				INFOPLIST_FILE = "CoreDataBackgroundTestTests/CoreDataBackgroundTestTests-Info.plist";
				PRODUCT_NAME = "$(TARGET_NAME)";
				TEST_HOST = "$(BUNDLE_LOADER)";
				WRAPPER_EXTENSION = octest;
			};
			name = Debug;
		};
		83E9232A1646AD7300EA067F /* Release */ = {
			isa = XCBuildConfiguration;
			baseConfigurationReference = 6CF63BD41C51449C8D14A26B /* Pods-CoreDataBackgroundTestTests.xcconfig */;
			buildSettings = {
				BUNDLE_LOADER = "$(BUILT_PRODUCTS_DIR)/CoreDataBackgroundTest.app/CoreDataBackgroundTest";
				FRAMEWORK_SEARCH_PATHS = (
					"\"$(SDKROOT)/Developer/Library/Frameworks\"",
					"\"$(DEVELOPER_LIBRARY_DIR)/Frameworks\"",
				);
				GCC_PRECOMPILE_PREFIX_HEADER = YES;
				GCC_PREFIX_HEADER = "CoreDataBackgroundTest/CoreDataBackgroundTest-Prefix.pch";
				INFOPLIST_FILE = "CoreDataBackgroundTestTests/CoreDataBackgroundTestTests-Info.plist";
				PRODUCT_NAME = "$(TARGET_NAME)";
				TEST_HOST = "$(BUNDLE_LOADER)";
				WRAPPER_EXTENSION = octest;
			};
			name = Release;
		};
/* End XCBuildConfiguration section */

/* Begin XCConfigurationList section */
		83E922DA1646AD7200EA067F /* Build configuration list for PBXProject "CoreDataBackgroundTest" */ = {
			isa = XCConfigurationList;
			buildConfigurations = (
				83E923231646AD7300EA067F /* Debug */,
				83E923241646AD7300EA067F /* Release */,
			);
			defaultConfigurationIsVisible = 0;
			defaultConfigurationName = Release;
		};
		83E923251646AD7300EA067F /* Build configuration list for PBXNativeTarget "CoreDataBackgroundTest" */ = {
			isa = XCConfigurationList;
			buildConfigurations = (
				83E923261646AD7300EA067F /* Debug */,
				83E923271646AD7300EA067F /* Release */,
			);
			defaultConfigurationIsVisible = 0;
			defaultConfigurationName = Release;
		};
		83E923281646AD7300EA067F /* Build configuration list for PBXNativeTarget "CoreDataBackgroundTestTests" */ = {
			isa = XCConfigurationList;
			buildConfigurations = (
				83E923291646AD7300EA067F /* Debug */,
				83E9232A1646AD7300EA067F /* Release */,
			);
			defaultConfigurationIsVisible = 0;
			defaultConfigurationName = Release;
		};
/* End XCConfigurationList section */

/* Begin XCVersionGroup section */
		83E922FE1646AD7200EA067F /* CoreDataBackgroundTest.xcdatamodeld */ = {
			isa = XCVersionGroup;
			children = (
				83E922FF1646AD7200EA067F /* CoreDataBackgroundTest.xcdatamodel */,
			);
			currentVersion = 83E922FF1646AD7200EA067F /* CoreDataBackgroundTest.xcdatamodel */;
			path = CoreDataBackgroundTest.xcdatamodeld;
			sourceTree = "<group>";
			versionGroupType = wrapper.xcdatamodel;
		};
/* End XCVersionGroup section */
	};
	rootObject = 83E922D71646AD7200EA067F /* Project object */;
}
